
Microsoft Visual Studio Solution File, Format Version 12.00
# Visual Studio Version 17
VisualStudioVersion = 17.13.35818.85 d17.13
MinimumVisualStudioVersion = 10.0.40219.1
Project("{FAE04EC0-301F-11D3-BF4B-00C04F79EFBC}") = "LibraryApp.Web", "LibraryApp.Web\LibraryApp.Web.csproj", "{7F544BCE-3FBA-4CEA-8CA6-EB8FCA8FEFA2}"
EndProject
Global
	GlobalSection(SolutionConfigurationPlatforms) = preSolution
		Debug|Any CPU = Debug|Any CPU
		Release|Any CPU = Release|Any CPU
	EndGlobalSection
	GlobalSection(ProjectConfigurationPlatforms) = postSolution
		{7F544BCE-3FBA-4CEA-8CA6-EB8FCA8FEFA2}.Debug|Any CPU.ActiveCfg = Debug|Any CPU
		{7F544BCE-3FBA-4CEA-8CA6-EB8FCA8FEFA2}.Debug|Any CPU.Build.0 = Debug|Any CPU
		{7F544BCE-3FBA-4CEA-8CA6-EB8FCA8FEFA2}.Release|Any CPU.ActiveCfg = Release|Any CPU
		{7F544BCE-3FBA-4CEA-8CA6-EB8FCA8FEFA2}.Release|Any CPU.Build.0 = Release|Any CPU
	EndGlobalSection
	GlobalSection(SolutionProperties) = preSolution
		HideSolutionNode = FALSE
	EndGlobalSection
	GlobalSection(ExtensibilityGlobals) = postSolution
		SolutionGuid = {D146D37A-0BB6-4E38-A0E4-8F9F11B9F137}
	EndGlobalSection
EndGlobal
